
Microsoft Visual Studio Solution File, Format Version 12.00
# Visual Studio Version 16
VisualStudioVersion = 16.0.29102.190
MinimumVisualStudioVersion = 10.0.40219.1
Project("{9A19103F-16F7-4668-BE54-9A1E7A4F7556}") = "MiniMapper", "MiniMapper\MiniMapper.csproj", "{4569E19A-4159-4D2F-BA3A-272DF3A26478}"
EndProject
Project("{FAE04EC0-301F-11D3-BF4B-00C04F79EFBC}") = "MiniMapper.Benchmark", "MiniMapper.Benchmark\MiniMapper.Benchmark.csproj", "{FCA3E012-94DD-4BDE-BAB1-CE6EB35B4BE6}"
EndProject
Global
	GlobalSection(SolutionConfigurationPlatforms) = preSolution
		Debug|Any CPU = Debug|Any CPU
		Release|Any CPU = Release|Any CPU
	EndGlobalSection
	GlobalSection(ProjectConfigurationPlatforms) = postSolution
		{4569E19A-4159-4D2F-BA3A-272DF3A26478}.Debug|Any CPU.ActiveCfg = Debug|Any CPU
		{4569E19A-4159-4D2F-BA3A-272DF3A26478}.Debug|Any CPU.Build.0 = Debug|Any CPU
		{4569E19A-4159-4D2F-BA3A-272DF3A26478}.Release|Any CPU.ActiveCfg = Release|Any CPU
		{4569E19A-4159-4D2F-BA3A-272DF3A26478}.Release|Any CPU.Build.0 = Release|Any CPU
		{FCA3E012-94DD-4BDE-BAB1-CE6EB35B4BE6}.Debug|Any CPU.ActiveCfg = Debug|Any CPU
		{FCA3E012-94DD-4BDE-BAB1-CE6EB35B4BE6}.Debug|Any CPU.Build.0 = Debug|Any CPU
		{FCA3E012-94DD-4BDE-BAB1-CE6EB35B4BE6}.Release|Any CPU.ActiveCfg = Release|Any CPU
		{FCA3E012-94DD-4BDE-BAB1-CE6EB35B4BE6}.Release|Any CPU.Build.0 = Release|Any CPU
	EndGlobalSection
	GlobalSection(SolutionProperties) = preSolution
		HideSolutionNode = FALSE
	EndGlobalSection
	GlobalSection(ExtensibilityGlobals) = postSolution
		SolutionGuid = {01C734DF-29FB-481C-B88C-3B54FB7DDAAE}
	EndGlobalSection
EndGlobal
