
Microsoft Visual Studio Solution File, Format Version 12.00
# Visual Studio Version 16
VisualStudioVersion = 16.0.29102.190
MinimumVisualStudioVersion = 10.0.40219.1
Project("{9A19103F-16F7-4668-BE54-9A1E7A4F7556}") = "NMapper", "NMapper\NMapper.csproj", "{6F2BC6DF-4B7E-425D-B7E3-CA5DB103C30B}"
EndProject
Global
	GlobalSection(SolutionConfigurationPlatforms) = preSolution
		Debug|Any CPU = Debug|Any CPU
		Release|Any CPU = Release|Any CPU
	EndGlobalSection
	GlobalSection(ProjectConfigurationPlatforms) = postSolution
		{6F2BC6DF-4B7E-425D-B7E3-CA5DB103C30B}.Debug|Any CPU.ActiveCfg = Debug|Any CPU
		{6F2BC6DF-4B7E-425D-B7E3-CA5DB103C30B}.Debug|Any CPU.Build.0 = Debug|Any CPU
		{6F2BC6DF-4B7E-425D-B7E3-CA5DB103C30B}.Release|Any CPU.ActiveCfg = Release|Any CPU
		{6F2BC6DF-4B7E-425D-B7E3-CA5DB103C30B}.Release|Any CPU.Build.0 = Release|Any CPU
	EndGlobalSection
	GlobalSection(SolutionProperties) = preSolution
		HideSolutionNode = FALSE
	EndGlobalSection
	GlobalSection(ExtensibilityGlobals) = postSolution
		SolutionGuid = {01C734DF-29FB-481C-B88C-3B54FB7DDAAE}
	EndGlobalSection
EndGlobal
